
Microsoft Visual Studio Solution File, Format Version 12.00
# Visual Studio Version 17
VisualStudioVersion = 17.5.002.0
MinimumVisualStudioVersion = 10.0.40219.1
Project("{9A19103F-16F7-4668-BE54-9A1E7A4F7556}") = "StockMarket", "StockMarket.csproj", "{EEA820AB-B384-4E42-8FFA-2EBC4F556748}"
EndProject
Global
	GlobalSection(SolutionConfigurationPlatforms) = preSolution
		Debug|Any CPU = Debug|Any CPU
		Release|Any CPU = Release|Any CPU
	EndGlobalSection
	GlobalSection(ProjectConfigurationPlatforms) = postSolution
		{EEA820AB-B384-4E42-8FFA-2EBC4F556748}.Debug|Any CPU.ActiveCfg = Debug|Any CPU
		{EEA820AB-B384-4E42-8FFA-2EBC4F556748}.Debug|Any CPU.Build.0 = Debug|Any CPU
		{EEA820AB-B384-4E42-8FFA-2EBC4F556748}.Release|Any CPU.ActiveCfg = Release|Any CPU
		{EEA820AB-B384-4E42-8FFA-2EBC4F556748}.Release|Any CPU.Build.0 = Release|Any CPU
	EndGlobalSection
	GlobalSection(SolutionProperties) = preSolution
		HideSolutionNode = FALSE
	EndGlobalSection
	GlobalSection(ExtensibilityGlobals) = postSolution
		SolutionGuid = {C9DDD2B9-77B9-4E43-BEB2-605F0D5B2D86}
	EndGlobalSection
EndGlobal
